// !$*UTF8*$!
{
	archiveVersion = 1;
	classes = {
	};
	objectVersion = 46;
	objects = {

/* Begin PBXBuildFile section */
		1D9B2B021E5EFB9C005C7334 /* PersonalInformationViewController.swift in Sources */ = {isa = PBXBuildFile; fileRef = 1D9B2B011E5EFB9C005C7334 /* PersonalInformationViewController.swift */; };
		1D9B2B0D1E5FFCFE005C7334 /* Main.storyboard in Resources */ = {isa = PBXBuildFile; fileRef = 1D9B2B0B1E5FFCFE005C7334 /* Main.storyboard */; };
		1DF5723E1E5C5DF900E6F1AD /* AppDelegate.swift in Sources */ = {isa = PBXBuildFile; fileRef = 1DF5723D1E5C5DF900E6F1AD /* AppDelegate.swift */; };
		1DF572401E5C5DF900E6F1AD /* PersonalDetailsViewController.swift in Sources */ = {isa = PBXBuildFile; fileRef = 1DF5723F1E5C5DF900E6F1AD /* PersonalDetailsViewController.swift */; };
		1DF572451E5C5DF900E6F1AD /* Assets.xcassets in Resources */ = {isa = PBXBuildFile; fileRef = 1DF572441E5C5DF900E6F1AD /* Assets.xcassets */; };
		1DF572481E5C5DF900E6F1AD /* LaunchScreen.storyboard in Resources */ = {isa = PBXBuildFile; fileRef = 1DF572461E5C5DF900E6F1AD /* LaunchScreen.storyboard */; };
		1DF572501E5C612500E6F1AD /* APISignup.swift in Sources */ = {isa = PBXBuildFile; fileRef = 1DF5724F1E5C612500E6F1AD /* APISignup.swift */; };
		1DF572521E5C90A400E6F1AD /* user.swift in Sources */ = {isa = PBXBuildFile; fileRef = 1DF572511E5C90A400E6F1AD /* user.swift */; };
		1DF572781E5DA36B00E6F1AD /* SignInViewController.swift in Sources */ = {isa = PBXBuildFile; fileRef = 1DF572771E5DA36B00E6F1AD /* SignInViewController.swift */; };
		302B9DC6F509B1A0F9C7CECD /* Pods_APISignup.framework in Frameworks */ = {isa = PBXBuildFile; fileRef = DE0731289B4B926B314BCE24 /* Pods_APISignup.framework */; };
/* End PBXBuildFile section */

/* Begin PBXFileReference section */
		1D9B2B011E5EFB9C005C7334 /* PersonalInformationViewController.swift */ = {isa = PBXFileReference; fileEncoding = 4; lastKnownFileType = sourcecode.swift; path = PersonalInformationViewController.swift; sourceTree = "<group>"; };
		1D9B2B0C1E5FFCFE005C7334 /* Base */ = {isa = PBXFileReference; lastKnownFileType = file.storyboard; name = Base; path = Base.lproj/Main.storyboard; sourceTree = "<group>"; };
		1DF5723A1E5C5DF900E6F1AD /* APISignup.app */ = {isa = PBXFileReference; explicitFileType = wrapper.application; includeInIndex = 0; path = APISignup.app; sourceTree = BUILT_PRODUCTS_DIR; };
		1DF5723D1E5C5DF900E6F1AD /* AppDelegate.swift */ = {isa = PBXFileReference; lastKnownFileType = sourcecode.swift; path = AppDelegate.swift; sourceTree = "<group>"; };
		1DF5723F1E5C5DF900E6F1AD /* PersonalDetailsViewController.swift */ = {isa = PBXFileReference; lastKnownFileType = sourcecode.swift; path = PersonalDetailsViewController.swift; sourceTree = "<group>"; };
		1DF572441E5C5DF900E6F1AD /* Assets.xcassets */ = {isa = PBXFileReference; lastKnownFileType = folder.assetcatalog; path = Assets.xcassets; sourceTree = "<group>"; };
		1DF572471E5C5DF900E6F1AD /* Base */ = {isa = PBXFileReference; lastKnownFileType = file.storyboard; name = Base; path = Base.lproj/LaunchScreen.storyboard; sourceTree = "<group>"; };
		1DF572491E5C5DF900E6F1AD /* Info.plist */ = {isa = PBXFileReference; lastKnownFileType = text.plist.xml; path = Info.plist; sourceTree = "<group>"; };
		1DF5724F1E5C612500E6F1AD /* APISignup.swift */ = {isa = PBXFileReference; fileEncoding = 4; lastKnownFileType = sourcecode.swift; path = APISignup.swift; sourceTree = "<group>"; };
		1DF572511E5C90A400E6F1AD /* user.swift */ = {isa = PBXFileReference; fileEncoding = 4; lastKnownFileType = sourcecode.swift; path = user.swift; sourceTree = "<group>"; };
		1DF572771E5DA36B00E6F1AD /* SignInViewController.swift */ = {isa = PBXFileReference; fileEncoding = 4; lastKnownFileType = sourcecode.swift; path = SignInViewController.swift; sourceTree = "<group>"; };
		1FDCF5C0CF940F7334768F29 /* Pods-APISignup.release.xcconfig */ = {isa = PBXFileReference; includeInIndex = 1; lastKnownFileType = text.xcconfig; name = "Pods-APISignup.release.xcconfig"; path = "Pods/Target Support Files/Pods-APISignup/Pods-APISignup.release.xcconfig"; sourceTree = "<group>"; };
		51CC1C5E4A615DEA84E0DF95 /* Pods-APISignup.debug.xcconfig */ = {isa = PBXFileReference; includeInIndex = 1; lastKnownFileType = text.xcconfig; name = "Pods-APISignup.debug.xcconfig"; path = "Pods/Target Support Files/Pods-APISignup/Pods-APISignup.debug.xcconfig"; sourceTree = "<group>"; };
		DE0731289B4B926B314BCE24 /* Pods_APISignup.framework */ = {isa = PBXFileReference; explicitFileType = wrapper.framework; includeInIndex = 0; path = Pods_APISignup.framework; sourceTree = BUILT_PRODUCTS_DIR; };
/* End PBXFileReference section */

/* Begin PBXFrameworksBuildPhase section */
		1DF572371E5C5DF900E6F1AD /* Frameworks */ = {
			isa = PBXFrameworksBuildPhase;
			buildActionMask = 2147483647;
			files = (
				302B9DC6F509B1A0F9C7CECD /* Pods_APISignup.framework in Frameworks */,
			);
			runOnlyForDeploymentPostprocessing = 0;
		};
/* End PBXFrameworksBuildPhase section */

/* Begin PBXGroup section */
		1DF572311E5C5DF900E6F1AD = {
			isa = PBXGroup;
			children = (
				1DF5723C1E5C5DF900E6F1AD /* APISignup */,
				1DF5723B1E5C5DF900E6F1AD /* Products */,
				E9BB291ED72F698167FBA84E /* Pods */,
				DE9F6F1FAD95B847BFB97E88 /* Frameworks */,
			);
			sourceTree = "<group>";
		};
		1DF5723B1E5C5DF900E6F1AD /* Products */ = {
			isa = PBXGroup;
			children = (
				1DF5723A1E5C5DF900E6F1AD /* APISignup.app */,
			);
			name = Products;
			sourceTree = "<group>";
		};
		1DF5723C1E5C5DF900E6F1AD /* APISignup */ = {
			isa = PBXGroup;
			children = (
				1D9B2B0B1E5FFCFE005C7334 /* Main.storyboard */,
				1DF5723D1E5C5DF900E6F1AD /* AppDelegate.swift */,
				1DF5723F1E5C5DF900E6F1AD /* PersonalDetailsViewController.swift */,
				1DF572511E5C90A400E6F1AD /* user.swift */,
				1D9B2B011E5EFB9C005C7334 /* PersonalInformationViewController.swift */,
				1DF572771E5DA36B00E6F1AD /* SignInViewController.swift */,
				1DF5724F1E5C612500E6F1AD /* APISignup.swift */,
				1DF572441E5C5DF900E6F1AD /* Assets.xcassets */,
				1DF572461E5C5DF900E6F1AD /* LaunchScreen.storyboard */,
				1DF572491E5C5DF900E6F1AD /* Info.plist */,
			);
			path = APISignup;
			sourceTree = "<group>";
		};
		DE9F6F1FAD95B847BFB97E88 /* Frameworks */ = {
			isa = PBXGroup;
			children = (
				DE0731289B4B926B314BCE24 /* Pods_APISignup.framework */,
			);
			name = Frameworks;
			sourceTree = "<group>";
		};
		E9BB291ED72F698167FBA84E /* Pods */ = {
			isa = PBXGroup;
			children = (
				51CC1C5E4A615DEA84E0DF95 /* Pods-APISignup.debug.xcconfig */,
				1FDCF5C0CF940F7334768F29 /* Pods-APISignup.release.xcconfig */,
			);
			name = Pods;
			sourceTree = "<group>";
		};
/* End PBXGroup section */

/* Begin PBXNativeTarget section */
		1DF572391E5C5DF900E6F1AD /* APISignup */ = {
			isa = PBXNativeTarget;
			buildConfigurationList = 1DF5724C1E5C5DF900E6F1AD /* Build configuration list for PBXNativeTarget "APISignup" */;
			buildPhases = (
				9B48F473265CCBE64F74F2EE /* [CP] Check Pods Manifest.lock */,
				1DF572361E5C5DF900E6F1AD /* Sources */,
				1DF572371E5C5DF900E6F1AD /* Frameworks */,
				1DF572381E5C5DF900E6F1AD /* Resources */,
				F9CAAF7148D34E3B9C13B9D4 /* [CP] Embed Pods Frameworks */,
				ACF1BEFCD34FB3F2AAF97F5A /* [CP] Copy Pods Resources */,
			);
			buildRules = (
			);
			dependencies = (
			);
			name = APISignup;
			productName = APISignup;
			productReference = 1DF5723A1E5C5DF900E6F1AD /* APISignup.app */;
			productType = "com.apple.product-type.application";
		};
/* End PBXNativeTarget section */

/* Begin PBXProject section */
		1DF572321E5C5DF900E6F1AD /* Project object */ = {
			isa = PBXProject;
			attributes = {
				LastSwiftUpdateCheck = 0820;
				LastUpgradeCheck = 0820;
				ORGANIZATIONNAME = codebrew;
				TargetAttributes = {
					1DF572391E5C5DF900E6F1AD = {
						CreatedOnToolsVersion = 8.2.1;
						ProvisioningStyle = Automatic;
					};
				};
			};
			buildConfigurationList = 1DF572351E5C5DF900E6F1AD /* Build configuration list for PBXProject "APISignup" */;
			compatibilityVersion = "Xcode 3.2";
			developmentRegion = English;
			hasScannedForEncodings = 0;
			knownRegions = (
				en,
				Base,
			);
			mainGroup = 1DF572311E5C5DF900E6F1AD;
			productRefGroup = 1DF5723B1E5C5DF900E6F1AD /* Products */;
			projectDirPath = "";
			projectRoot = "";
			targets = (
				1DF572391E5C5DF900E6F1AD /* APISignup */,
			);
		};
/* End PBXProject section */

/* Begin PBXResourcesBuildPhase section */
		1DF572381E5C5DF900E6F1AD /* Resources */ = {
			isa = PBXResourcesBuildPhase;
			buildActionMask = 2147483647;
			files = (
				1D9B2B0D1E5FFCFE005C7334 /* Main.storyboard in Resources */,
				1DF572481E5C5DF900E6F1AD /* LaunchScreen.storyboard in Resources */,
				1DF572451E5C5DF900E6F1AD /* Assets.xcassets in Resources */,
			);
			runOnlyForDeploymentPostprocessing = 0;
		};
/* End PBXResourcesBuildPhase section */

/* Begin PBXShellScriptBuildPhase section */
		9B48F473265CCBE64F74F2EE /* [CP] Check Pods Manifest.lock */ = {
			isa = PBXShellScriptBuildPhase;
			buildActionMask = 2147483647;
			files = (
			);
			inputPaths = (
			);
			name = "[CP] Check Pods Manifest.lock";
			outputPaths = (
			);
			runOnlyForDeploymentPostprocessing = 0;
			shellPath = /bin/sh;
			shellScript = "diff \"${PODS_ROOT}/../Podfile.lock\" \"${PODS_ROOT}/Manifest.lock\" > /dev/null\nif [ $? != 0 ] ; then\n    # print error to STDERR\n    echo \"error: The sandbox is not in sync with the Podfile.lock. Run 'pod install' or update your CocoaPods installation.\" >&2\n    exit 1\nfi\n";
			showEnvVarsInLog = 0;
		};
		ACF1BEFCD34FB3F2AAF97F5A /* [CP] Copy Pods Resources */ = {
			isa = PBXShellScriptBuildPhase;
			buildActionMask = 2147483647;
			files = (
			);
			inputPaths = (
			);
			name = "[CP] Copy Pods Resources";
			outputPaths = (
			);
			runOnlyForDeploymentPostprocessing = 0;
			shellPath = /bin/sh;
			shellScript = "\"${SRCROOT}/Pods/Target Support Files/Pods-APISignup/Pods-APISignup-resources.sh\"\n";
			showEnvVarsInLog = 0;
		};
		F9CAAF7148D34E3B9C13B9D4 /* [CP] Embed Pods Frameworks */ = {
			isa = PBXShellScriptBuildPhase;
			buildActionMask = 2147483647;
			files = (
			);
			inputPaths = (
			);
			name = "[CP] Embed Pods Frameworks";
			outputPaths = (
			);
			runOnlyForDeploymentPostprocessing = 0;
			shellPath = /bin/sh;
			shellScript = "\"${SRCROOT}/Pods/Target Support Files/Pods-APISignup/Pods-APISignup-frameworks.sh\"\n";
			showEnvVarsInLog = 0;
		};
/* End PBXShellScriptBuildPhase section */

/* Begin PBXSourcesBuildPhase section */
		1DF572361E5C5DF900E6F1AD /* Sources */ = {
			isa = PBXSourcesBuildPhase;
			buildActionMask = 2147483647;
			files = (
				1DF572521E5C90A400E6F1AD /* user.swift in Sources */,
				1DF572401E5C5DF900E6F1AD /* PersonalDetailsViewController.swift in Sources */,
				1DF572781E5DA36B00E6F1AD /* SignInViewController.swift in Sources */,
				1DF572501E5C612500E6F1AD /* APISignup.swift in Sources */,
				1DF5723E1E5C5DF900E6F1AD /* AppDelegate.swift in Sources */,
				1D9B2B021E5EFB9C005C7334 /* PersonalInformationViewController.swift in Sources */,
			);
			runOnlyForDeploymentPostprocessing = 0;
		};
/* End PBXSourcesBuildPhase section */

/* Begin PBXVariantGroup section */
		1D9B2B0B1E5FFCFE005C7334 /* Main.storyboard */ = {
			isa = PBXVariantGroup;
			children = (
				1D9B2B0C1E5FFCFE005C7334 /* Base */,
			);
			name = Main.storyboard;
			sourceTree = "<group>";
		};
		1DF572461E5C5DF900E6F1AD /* LaunchScreen.storyboard */ = {
			isa = PBXVariantGroup;
			children = (
				1DF572471E5C5DF900E6F1AD /* Base */,
			);
			name = LaunchScreen.storyboard;
			sourceTree = "<group>";
		};
/* End PBXVariantGroup section */

/* Begin XCBuildConfiguration section */
		1DF5724A1E5C5DF900E6F1AD /* Debug */ = {
			isa = XCBuildConfiguration;
			buildSettings = {
				ALWAYS_SEARCH_USER_PATHS = NO;
				CLANG_ANALYZER_NONNULL = YES;
				CLANG_CXX_LANGUAGE_STANDARD = "gnu++0x";
				CLANG_CXX_LIBRARY = "libc++";
				CLANG_ENABLE_MODULES = YES;
				CLANG_ENABLE_OBJC_ARC = YES;
				CLANG_WARN_BOOL_CONVERSION = YES;
				CLANG_WARN_CONSTANT_CONVERSION = YES;
				CLANG_WARN_DIRECT_OBJC_ISA_USAGE = YES_ERROR;
				CLANG_WARN_DOCUMENTATION_COMMENTS = YES;
				CLANG_WARN_EMPTY_BODY = YES;
				CLANG_WARN_ENUM_CONVERSION = YES;
				CLANG_WARN_INFINITE_RECURSION = YES;
				CLANG_WARN_INT_CONVERSION = YES;
				CLANG_WARN_OBJC_ROOT_CLASS = YES_ERROR;
				CLANG_WARN_SUSPICIOUS_MOVE = YES;
				CLANG_WARN_UNREACHABLE_CODE = YES;
				CLANG_WARN__DUPLICATE_METHOD_MATCH = YES;
				"CODE_SIGN_IDENTITY[sdk=iphoneos*]" = "iPhone Developer";
				COPY_PHASE_STRIP = NO;
				DEBUG_INFORMATION_FORMAT = dwarf;
				ENABLE_STRICT_OBJC_MSGSEND = YES;
				ENABLE_TESTABILITY = YES;
				GCC_C_LANGUAGE_STANDARD = gnu99;
				GCC_DYNAMIC_NO_PIC = NO;
				GCC_NO_COMMON_BLOCKS = YES;
				GCC_OPTIMIZATION_LEVEL = 0;
				GCC_PREPROCESSOR_DEFINITIONS = (
					"DEBUG=1",
					"$(inherited)",
				);
				GCC_WARN_64_TO_32_BIT_CONVERSION = YES;
				GCC_WARN_ABOUT_RETURN_TYPE = YES_ERROR;
				GCC_WARN_UNDECLARED_SELECTOR = YES;
				GCC_WARN_UNINITIALIZED_AUTOS = YES_AGGRESSIVE;
				GCC_WARN_UNUSED_FUNCTION = YES;
				GCC_WARN_UNUSED_VARIABLE = YES;
				IPHONEOS_DEPLOYMENT_TARGET = 10.0;
				MTL_ENABLE_DEBUG_INFO = YES;
				ONLY_ACTIVE_ARCH = YES;
				SDKROOT = iphoneos;
				SWIFT_ACTIVE_COMPILATION_CONDITIONS = DEBUG;
				SWIFT_OPTIMIZATION_LEVEL = "-Onone";
				TARGETED_DEVICE_FAMILY = "1,2";
			};
			name = Debug;
		};
		1DF5724B1E5C5DF900E6F1AD /* Release */ = {
			isa = XCBuildConfiguration;
			buildSettings = {
				ALWAYS_SEARCH_USER_PATHS = NO;
				CLANG_ANALYZER_NONNULL = YES;
				CLANG_CXX_LANGUAGE_STANDARD = "gnu++0x";
				CLANG_CXX_LIBRARY = "libc++";
				CLANG_ENABLE_MODULES = YES;
				CLANG_ENABLE_OBJC_ARC = YES;
				CLANG_WARN_BOOL_CONVERSION = YES;
				CLANG_WARN_CONSTANT_CONVERSION = YES;
				CLANG_WARN_DIRECT_OBJC_ISA_USAGE = YES_ERROR;
				CLANG_WARN_DOCUMENTATION_COMMENTS = YES;
				CLANG_WARN_EMPTY_BODY = YES;
				CLANG_WARN_ENUM_CONVERSION = YES;
				CLANG_WARN_INFINITE_RECURSION = YES;
				CLANG_WARN_INT_CONVERSION = YES;
				CLANG_WARN_OBJC_ROOT_CLASS = YES_ERROR;
				CLANG_WARN_SUSPICIOUS_MOVE = YES;
				CLANG_WARN_UNREACHABLE_CODE = YES;
				CLANG_WARN__DUPLICATE_METHOD_MATCH = YES;
				"CODE_SIGN_IDENTITY[sdk=iphoneos*]" = "iPhone Developer";
				COPY_PHASE_STRIP = NO;
				DEBUG_INFORMATION_FORMAT = "dwarf-with-dsym";
				ENABLE_NS_ASSERTIONS = NO;
				ENABLE_STRICT_OBJC_MSGSEND = YES;
				GCC_C_LANGUAGE_STANDARD = gnu99;
				GCC_NO_COMMON_BLOCKS = YES;
				GCC_WARN_64_TO_32_BIT_CONVERSION = YES;
				GCC_WARN_ABOUT_RETURN_TYPE = YES_ERROR;
				GCC_WARN_UNDECLARED_SELECTOR = YES;
				GCC_WARN_UNINITIALIZED_AUTOS = YES_AGGRESSIVE;
				GCC_WARN_UNUSED_FUNCTION = YES;
				GCC_WARN_UNUSED_VARIABLE = YES;
				IPHONEOS_DEPLOYMENT_TARGET = 10.0;
				MTL_ENABLE_DEBUG_INFO = NO;
				SDKROOT = iphoneos;
				SWIFT_OPTIMIZATION_LEVEL = "-Owholemodule";
				TARGETED_DEVICE_FAMILY = "1,2";
				VALIDATE_PRODUCT = YES;
			};
			name = Release;
		};
		1DF5724D1E5C5DF900E6F1AD /* Debug */ = {
			isa = XCBuildConfiguration;
			baseConfigurationReference = 51CC1C5E4A615DEA84E0DF95 /* Pods-APISignup.debug.xcconfig */;
			buildSettings = {
				ASSETCATALOG_COMPILER_APPICON_NAME = AppIcon;
				INFOPLIST_FILE = APISignup/Info.plist;
				IPHONEOS_DEPLOYMENT_TARGET = 10.0;
				LD_RUNPATH_SEARCH_PATHS = "$(inherited) @executable_path/Frameworks";
				PRODUCT_BUNDLE_IDENTIFIER = codebrew.APISignup;
				PRODUCT_NAME = "$(TARGET_NAME)";
				SWIFT_VERSION = 3.0;
			};
			name = Debug;
		};
		1DF5724E1E5C5DF900E6F1AD /* Release */ = {
			isa = XCBuildConfiguration;
			baseConfigurationReference = 1FDCF5C0CF940F7334768F29 /* Pods-APISignup.release.xcconfig */;
			buildSettings = {
				ASSETCATALOG_COMPILER_APPICON_NAME = AppIcon;
				INFOPLIST_FILE = APISignup/Info.plist;
				IPHONEOS_DEPLOYMENT_TARGET = 10.0;
				LD_RUNPATH_SEARCH_PATHS = "$(inherited) @executable_path/Frameworks";
				PRODUCT_BUNDLE_IDENTIFIER = codebrew.APISignup;
				PRODUCT_NAME = "$(TARGET_NAME)";
				SWIFT_VERSION = 3.0;
			};
			name = Release;
		};
/* End XCBuildConfiguration section */

/* Begin XCConfigurationList section */
		1DF572351E5C5DF900E6F1AD /* Build configuration list for PBXProject "APISignup" */ = {
			isa = XCConfigurationList;
			buildConfigurations = (
				1DF5724A1E5C5DF900E6F1AD /* Debug */,
				1DF5724B1E5C5DF900E6F1AD /* Release */,
			);
			defaultConfigurationIsVisible = 0;
			defaultConfigurationName = Release;
		};
		1DF5724C1E5C5DF900E6F1AD /* Build configuration list for PBXNativeTarget "APISignup" */ = {
			isa = XCConfigurationList;
			buildConfigurations = (
				1DF5724D1E5C5DF900E6F1AD /* Debug */,
				1DF5724E1E5C5DF900E6F1AD /* Release */,
			);
			defaultConfigurationIsVisible = 0;
			defaultConfigurationName = Release;
		};
/* End XCConfigurationList section */
	};
	rootObject = 1DF572321E5C5DF900E6F1AD /* Project object */;
}
